<?xml version="1.0" encoding="utf-8"?>
<Project ToolsVersion="4.0" xmlns="http://schemas.microsoft.com/developer/msbuild/2003">
  <ItemGroup>
    <Filter Include="Исходные файлы">
      <UniqueIdentifier>{4FC737F1-C7A5-4376-A066-2A32D752A2FF}</UniqueIdentifier>
      <Extensions>cpp;c;cc;cxx;c++;cppm;ixx;def;odl;idl;hpj;bat;asm;asmx</Extensions>
    </Filter>
    <Filter Include="Файлы ресурсов">
      <UniqueIdentifier>{67DA6AB6-F800-4c08-8B7A-83BB121AAD01}</UniqueIdentifier>
      <Extensions>rc;ico;cur;bmp;dlg;rc2;rct;bin;rgs;gif;jpg;jpeg;jpe;resx;tiff;tif;png;wav;mfcribbon-ms</Extensions>
    </Filter>
    <Filter Include="Source">
      <UniqueIdentifier>{1a7081a3-6300-40ec-97d1-deb5747deb74}</UniqueIdentifier>
    </Filter>
    <Filter Include="Source\World">
      <UniqueIdentifier>{1d93d105-8d0d-4b89-a8af-c34d4af6bf00}</UniqueIdentifier>
    </Filter>
  </ItemGroup>
  <ItemGroup>
    <ClCompile Include="..\source\Entity.cpp">
      <Filter>Исходные файлы</Filter>
    </ClCompile>
    <ClCompile Include="..\source\header.cpp">
      <Filter>Исходные файлы</Filter>
    </ClCompile>
    <ClCompile Include="..\source\Interactions.cpp">
      <Filter>Исходные файлы</Filter>
    </ClCompile>
    <ClCompile Include="..\source\Interface.cpp">
      <Filter>Исходные файлы</Filter>
    </ClCompile>
    <ClCompile Include="..\source\Inventory.cpp">
      <Filter>Исходные файлы</Filter>
    </ClCompile>
    <ClCompile Include="..\source\main.cpp">
      <Filter>Исходные файлы</Filter>
    </ClCompile>
    <ClCompile Include="..\source\Music.cpp">
      <Filter>Исходные файлы</Filter>
    </ClCompile>
    <ClCompile Include="..\source\Player.cpp">
      <Filter>Исходные файлы</Filter>
    </ClCompile>
    <ClCompile Include="..\source\skelet.cpp">
      <Filter>Исходные файлы</Filter>
    </ClCompile>
    <ClCompile Include="..\source\TApplication.cpp">
      <Filter>Исходные файлы</Filter>
    </ClCompile>
    <ClCompile Include="..\source\Tile.cpp">
      <Filter>Исходные файлы</Filter>
    </ClCompile>
    <ClCompile Include="..\source\tinyxml2.cpp">
      <Filter>Исходные файлы</Filter>
    </ClCompile>
    <ClCompile Include="..\source\World.cpp">
      <Filter>Исходные файлы</Filter>
    </ClCompile>
    <ClCompile Include="..\source\World\Weather.cpp">
      <Filter>Исходные файлы</Filter>
    </ClCompile>
  </ItemGroup>
  <ItemGroup>
    <ClInclude Include="..\source\Entity.h">
      <Filter>Файлы ресурсов</Filter>
    </ClInclude>
    <ClInclude Include="..\source\header.h">
      <Filter>Файлы ресурсов</Filter>
    </ClInclude>
    <ClInclude Include="..\source\Interactions.h">
      <Filter>Файлы ресурсов</Filter>
    </ClInclude>
    <ClInclude Include="..\source\Interface.h">
      <Filter>Файлы ресурсов</Filter>
    </ClInclude>
    <ClInclude Include="..\source\Inventory.h">
      <Filter>Файлы ресурсов</Filter>
    </ClInclude>
    <ClInclude Include="..\source\Music.h">
      <Filter>Файлы ресурсов</Filter>
    </ClInclude>
    <ClInclude Include="..\source\Player.h">
      <Filter>Файлы ресурсов</Filter>
    </ClInclude>
    <ClInclude Include="..\source\SFML.hpp">
      <Filter>Файлы ресурсов</Filter>
    </ClInclude>
    <ClInclude Include="..\source\skelet.h">
      <Filter>Файлы ресурсов</Filter>
    </ClInclude>
    <ClInclude Include="..\source\TApplication.hpp">
      <Filter>Файлы ресурсов</Filter>
    </ClInclude>
    <ClInclude Include="..\source\Tile.h">
      <Filter>Файлы ресурсов</Filter>
    </ClInclude>
    <ClInclude Include="..\source\tinyxml2.h">
      <Filter>Файлы ресурсов</Filter>
    </ClInclude>
    <ClInclude Include="..\source\World.h">
      <Filter>Файлы ресурсов</Filter>
    </ClInclude>
    <ClInclude Include="..\source\World\Weather.h" />
  </ItemGroup>
</Project>